
Microsoft Visual Studio Solution File, Format Version 12.00
# Visual Studio Version 17
VisualStudioVersion = 17.10.35122.118
MinimumVisualStudioVersion = 10.0.40219.1
Project("{9A19103F-16F7-4668-BE54-9A1E7A4F7556}") = "RetendoCopilotChatbot", "RetendoCopilotChatbot\RetendoCopilotChatbot.csproj", "{34BBC0DF-204F-4A21-8570-12FA4B68BF70}"
EndProject
Project("{FAE04EC0-301F-11D3-BF4B-00C04F79EFBC}") = "RetendoCopilotApi", "RetendoCopilotApi\RetendoCopilotApi.csproj", "{06F38B9F-2A17-4FC8-979E-BDF2BA7A4A09}"
EndProject
Global
	GlobalSection(SolutionConfigurationPlatforms) = preSolution
		Debug|Any CPU = Debug|Any CPU
		Release|Any CPU = Release|Any CPU
	EndGlobalSection
	GlobalSection(ProjectConfigurationPlatforms) = postSolution
		{34BBC0DF-204F-4A21-8570-12FA4B68BF70}.Debug|Any CPU.ActiveCfg = Debug|Any CPU
		{34BBC0DF-204F-4A21-8570-12FA4B68BF70}.Debug|Any CPU.Build.0 = Debug|Any CPU
		{34BBC0DF-204F-4A21-8570-12FA4B68BF70}.Release|Any CPU.ActiveCfg = Release|Any CPU
		{34BBC0DF-204F-4A21-8570-12FA4B68BF70}.Release|Any CPU.Build.0 = Release|Any CPU
		{06F38B9F-2A17-4FC8-979E-BDF2BA7A4A09}.Debug|Any CPU.ActiveCfg = Debug|Any CPU
		{06F38B9F-2A17-4FC8-979E-BDF2BA7A4A09}.Debug|Any CPU.Build.0 = Debug|Any CPU
		{06F38B9F-2A17-4FC8-979E-BDF2BA7A4A09}.Release|Any CPU.ActiveCfg = Release|Any CPU
		{06F38B9F-2A17-4FC8-979E-BDF2BA7A4A09}.Release|Any CPU.Build.0 = Release|Any CPU
	EndGlobalSection
	GlobalSection(SolutionProperties) = preSolution
		HideSolutionNode = FALSE
	EndGlobalSection
	GlobalSection(ExtensibilityGlobals) = postSolution
		SolutionGuid = {B97F40E8-562F-4A05-B422-9F25E8104A7A}
	EndGlobalSection
EndGlobal
